
Microsoft Visual Studio Solution File, Format Version 12.00
# Visual Studio Version 17
VisualStudioVersion = 17.14.36408.4 d17.14
MinimumVisualStudioVersion = 10.0.40219.1
Project("{FAE04EC0-301F-11D3-BF4B-00C04F79EFBC}") = "SampleDotnetCoreApp", "SampleDotnetCoreApp\SampleDotnetCoreApp.csproj", "{333DD0A3-776A-4133-8FD8-47D2ECFFF6E7}"
EndProject
Global
	GlobalSection(SolutionConfigurationPlatforms) = preSolution
		Debug|Any CPU = Debug|Any CPU
		Release|Any CPU = Release|Any CPU
	EndGlobalSection
	GlobalSection(ProjectConfigurationPlatforms) = postSolution
		{333DD0A3-776A-4133-8FD8-47D2ECFFF6E7}.Debug|Any CPU.ActiveCfg = Debug|Any CPU
		{333DD0A3-776A-4133-8FD8-47D2ECFFF6E7}.Debug|Any CPU.Build.0 = Debug|Any CPU
		{333DD0A3-776A-4133-8FD8-47D2ECFFF6E7}.Release|Any CPU.ActiveCfg = Release|Any CPU
		{333DD0A3-776A-4133-8FD8-47D2ECFFF6E7}.Release|Any CPU.Build.0 = Release|Any CPU
	EndGlobalSection
	GlobalSection(SolutionProperties) = preSolution
		HideSolutionNode = FALSE
	EndGlobalSection
	GlobalSection(ExtensibilityGlobals) = postSolution
		SolutionGuid = {393B49F6-CC4F-48CD-AD8F-B899CA631BB9}
	EndGlobalSection
EndGlobal
